// !$*UTF8*$!
{
	archiveVersion = 1;
	classes = {
	};
	objectVersion = 51;
	objects = {

/* Begin PBXBuildFile section */
		160A2CFD24BCEBC300B937BC /* FrendsViewController.swift in Sources */ = {isa = PBXBuildFile; fileRef = 160A2CFC24BCEBC300B937BC /* FrendsViewController.swift */; };
		160A2CFF24BCF05D00B937BC /* Frends.swift in Sources */ = {isa = PBXBuildFile; fileRef = 160A2CFE24BCF05D00B937BC /* Frends.swift */; };
		160A2D0124BD8F1100B937BC /* GroupViewController.swift in Sources */ = {isa = PBXBuildFile; fileRef = 160A2D0024BD8F1100B937BC /* GroupViewController.swift */; };
		160A2D0324BD92CA00B937BC /* Groups.swift in Sources */ = {isa = PBXBuildFile; fileRef = 160A2D0224BD92CA00B937BC /* Groups.swift */; };
		160A2D0524BD9A8E00B937BC /* frendCardViewController.swift in Sources */ = {isa = PBXBuildFile; fileRef = 160A2D0424BD9A8E00B937BC /* frendCardViewController.swift */; };
		16104B2F24C7044A003EF2BB /* frendCardProfile.swift in Sources */ = {isa = PBXBuildFile; fileRef = 16104B2E24C7044A003EF2BB /* frendCardProfile.swift */; };
		16584D7625029E350082CE0A /* RealmManager.swift in Sources */ = {isa = PBXBuildFile; fileRef = 16584D7525029E350082CE0A /* RealmManager.swift */; };
		1667210924E3F82100129333 /* Session.swift in Sources */ = {isa = PBXBuildFile; fileRef = 1667210824E3F82100129333 /* Session.swift */; };
		1680AAAB24D17312000EF8ED /* GroupCardViewController.swift in Sources */ = {isa = PBXBuildFile; fileRef = 1680AAAA24D17312000EF8ED /* GroupCardViewController.swift */; };
		1680AAB024D18AD8000EF8ED /* GroupCardCellCollectionView.swift in Sources */ = {isa = PBXBuildFile; fileRef = 1680AAAF24D18AD8000EF8ED /* GroupCardCellCollectionView.swift */; };
		1680AAB224D18C3D000EF8ED /* groupCardCellProfile.swift in Sources */ = {isa = PBXBuildFile; fileRef = 1680AAB124D18C3D000EF8ED /* groupCardCellProfile.swift */; };
		1680AABF24D8037B000EF8ED /* MyGroupsController.swift in Sources */ = {isa = PBXBuildFile; fileRef = 1680AABE24D8037B000EF8ED /* MyGroupsController.swift */; };
		1680AAC124D80395000EF8ED /* MyGroupsCell.swift in Sources */ = {isa = PBXBuildFile; fileRef = 1680AAC024D80395000EF8ED /* MyGroupsCell.swift */; };
		1680AAC324DAA858000EF8ED /* MyGroupCardViewController.swift in Sources */ = {isa = PBXBuildFile; fileRef = 1680AAC224DAA858000EF8ED /* MyGroupCardViewController.swift */; };
		1680AAC824DB13C3000EF8ED /* News.swift in Sources */ = {isa = PBXBuildFile; fileRef = 1680AAC724DB13C3000EF8ED /* News.swift */; };
		1680AACA24DB1474000EF8ED /* NewsCell.swift in Sources */ = {isa = PBXBuildFile; fileRef = 1680AAC924DB1474000EF8ED /* NewsCell.swift */; };
		1680AACC24DB16C9000EF8ED /* NewsViewController.swift in Sources */ = {isa = PBXBuildFile; fileRef = 1680AACB24DB16C9000EF8ED /* NewsViewController.swift */; };
		168B4C1D24E9462E00F4F9B2 /* NetworkManager.swift in Sources */ = {isa = PBXBuildFile; fileRef = 168B4C1C24E9462E00F4F9B2 /* NetworkManager.swift */; };
		168FBA6B24F8E2AB002577B2 /* PhotoJSON.swift in Sources */ = {isa = PBXBuildFile; fileRef = 168FBA6A24F8E2AB002577B2 /* PhotoJSON.swift */; };
		1698030C24AD177C000377B2 /* AppDelegate.swift in Sources */ = {isa = PBXBuildFile; fileRef = 1698030B24AD177C000377B2 /* AppDelegate.swift */; };
		1698030E24AD177C000377B2 /* SceneDelegate.swift in Sources */ = {isa = PBXBuildFile; fileRef = 1698030D24AD177C000377B2 /* SceneDelegate.swift */; };
		1698031024AD177C000377B2 /* LoginViewController.swift in Sources */ = {isa = PBXBuildFile; fileRef = 1698030F24AD177C000377B2 /* LoginViewController.swift */; };
		1698031324AD177C000377B2 /* Main.storyboard in Resources */ = {isa = PBXBuildFile; fileRef = 1698031124AD177C000377B2 /* Main.storyboard */; };
		1698031524AD177E000377B2 /* Assets.xcassets in Resources */ = {isa = PBXBuildFile; fileRef = 1698031424AD177E000377B2 /* Assets.xcassets */; };
		1698031824AD177E000377B2 /* LaunchScreen.storyboard in Resources */ = {isa = PBXBuildFile; fileRef = 1698031624AD177E000377B2 /* LaunchScreen.storyboard */; };
		169F1AFC251789D8009C709D /* GoogleService-Info.plist in Resources */ = {isa = PBXBuildFile; fileRef = 169F1AFB251789D8009C709D /* GoogleService-Info.plist */; };
		169F1AFE2517D3B7009C709D /* FirebaseFriends.swift in Sources */ = {isa = PBXBuildFile; fileRef = 169F1AFD2517D3B7009C709D /* FirebaseFriends.swift */; };
		169F1B002517DA31009C709D /* Config.swift in Sources */ = {isa = PBXBuildFile; fileRef = 169F1AFF2517DA31009C709D /* Config.swift */; };
		16C0446124ED876900C9118E /* GroupsJSON.swift in Sources */ = {isa = PBXBuildFile; fileRef = 16C0446024ED876900C9118E /* GroupsJSON.swift */; };
		16C0446324ED947000C9118E /* FriendsJSON.swift in Sources */ = {isa = PBXBuildFile; fileRef = 16C0446224ED947000C9118E /* FriendsJSON.swift */; };
		16C9798924E3231B00A06B72 /* ProfileViewController.swift in Sources */ = {isa = PBXBuildFile; fileRef = 16C9798824E3231B00A06B72 /* ProfileViewController.swift */; };
		16C9798B24E323C300A06B72 /* Account.swift in Sources */ = {isa = PBXBuildFile; fileRef = 16C9798A24E323C300A06B72 /* Account.swift */; };
		16E47CF124E9A11D004CDB6A /* WebKit.framework in Frameworks */ = {isa = PBXBuildFile; fileRef = 16E47CF024E9A11D004CDB6A /* WebKit.framework */; };
		1E4EFAE152627F035049B45B /* Pods_OpenWeather.framework in Frameworks */ = {isa = PBXBuildFile; fileRef = 2620509B4D533CA9E3C6BECA /* Pods_OpenWeather.framework */; };
/* End PBXBuildFile section */

/* Begin PBXFileReference section */
		160A2CFC24BCEBC300B937BC /* FrendsViewController.swift */ = {isa = PBXFileReference; lastKnownFileType = sourcecode.swift; path = FrendsViewController.swift; sourceTree = "<group>"; };
		160A2CFE24BCF05D00B937BC /* Frends.swift */ = {isa = PBXFileReference; lastKnownFileType = sourcecode.swift; path = Frends.swift; sourceTree = "<group>"; };
		160A2D0024BD8F1100B937BC /* GroupViewController.swift */ = {isa = PBXFileReference; fileEncoding = 4; lastKnownFileType = sourcecode.swift; path = GroupViewController.swift; sourceTree = "<group>"; };
		160A2D0224BD92CA00B937BC /* Groups.swift */ = {isa = PBXFileReference; fileEncoding = 4; lastKnownFileType = sourcecode.swift; path = Groups.swift; sourceTree = "<group>"; };
		160A2D0424BD9A8E00B937BC /* frendCardViewController.swift */ = {isa = PBXFileReference; lastKnownFileType = sourcecode.swift; path = frendCardViewController.swift; sourceTree = "<group>"; };
		16104B2E24C7044A003EF2BB /* frendCardProfile.swift */ = {isa = PBXFileReference; lastKnownFileType = sourcecode.swift; path = frendCardProfile.swift; sourceTree = "<group>"; };
		164FE49124FC33A900CFD511 /* RealmSwift.framework */ = {isa = PBXFileReference; explicitFileType = wrapper.framework; path = RealmSwift.framework; sourceTree = BUILT_PRODUCTS_DIR; };
		16584D7525029E350082CE0A /* RealmManager.swift */ = {isa = PBXFileReference; lastKnownFileType = sourcecode.swift; path = RealmManager.swift; sourceTree = "<group>"; };
		16646537250A2E410014DB15 /* SDWebImage.framework */ = {isa = PBXFileReference; explicitFileType = wrapper.framework; path = SDWebImage.framework; sourceTree = BUILT_PRODUCTS_DIR; };
		1667210824E3F82100129333 /* Session.swift */ = {isa = PBXFileReference; lastKnownFileType = sourcecode.swift; path = Session.swift; sourceTree = "<group>"; };
		1680AAAA24D17312000EF8ED /* GroupCardViewController.swift */ = {isa = PBXFileReference; lastKnownFileType = sourcecode.swift; path = GroupCardViewController.swift; sourceTree = "<group>"; };
		1680AAAF24D18AD8000EF8ED /* GroupCardCellCollectionView.swift */ = {isa = PBXFileReference; lastKnownFileType = sourcecode.swift; path = GroupCardCellCollectionView.swift; sourceTree = "<group>"; };
		1680AAB124D18C3D000EF8ED /* groupCardCellProfile.swift */ = {isa = PBXFileReference; lastKnownFileType = sourcecode.swift; path = groupCardCellProfile.swift; sourceTree = "<group>"; };
		1680AABE24D8037B000EF8ED /* MyGroupsController.swift */ = {isa = PBXFileReference; lastKnownFileType = sourcecode.swift; path = MyGroupsController.swift; sourceTree = "<group>"; };
		1680AAC024D80395000EF8ED /* MyGroupsCell.swift */ = {isa = PBXFileReference; lastKnownFileType = sourcecode.swift; path = MyGroupsCell.swift; sourceTree = "<group>"; };
		1680AAC224DAA858000EF8ED /* MyGroupCardViewController.swift */ = {isa = PBXFileReference; lastKnownFileType = sourcecode.swift; path = MyGroupCardViewController.swift; sourceTree = "<group>"; };
		1680AAC724DB13C3000EF8ED /* News.swift */ = {isa = PBXFileReference; lastKnownFileType = sourcecode.swift; path = News.swift; sourceTree = "<group>"; };
		1680AAC924DB1474000EF8ED /* NewsCell.swift */ = {isa = PBXFileReference; lastKnownFileType = sourcecode.swift; path = NewsCell.swift; sourceTree = "<group>"; };
		1680AACB24DB16C9000EF8ED /* NewsViewController.swift */ = {isa = PBXFileReference; lastKnownFileType = sourcecode.swift; path = NewsViewController.swift; sourceTree = "<group>"; };
		168B4C1C24E9462E00F4F9B2 /* NetworkManager.swift */ = {isa = PBXFileReference; lastKnownFileType = sourcecode.swift; path = NetworkManager.swift; sourceTree = "<group>"; };
		168FBA6A24F8E2AB002577B2 /* PhotoJSON.swift */ = {isa = PBXFileReference; lastKnownFileType = sourcecode.swift; path = PhotoJSON.swift; sourceTree = "<group>"; };
		1698030824AD177C000377B2 /* OpenWeather.app */ = {isa = PBXFileReference; explicitFileType = wrapper.application; includeInIndex = 0; path = OpenWeather.app; sourceTree = BUILT_PRODUCTS_DIR; };
		1698030B24AD177C000377B2 /* AppDelegate.swift */ = {isa = PBXFileReference; lastKnownFileType = sourcecode.swift; path = AppDelegate.swift; sourceTree = "<group>"; };
		1698030D24AD177C000377B2 /* SceneDelegate.swift */ = {isa = PBXFileReference; lastKnownFileType = sourcecode.swift; path = SceneDelegate.swift; sourceTree = "<group>"; };
		1698030F24AD177C000377B2 /* LoginViewController.swift */ = {isa = PBXFileReference; lastKnownFileType = sourcecode.swift; path = LoginViewController.swift; sourceTree = "<group>"; };
		1698031224AD177C000377B2 /* Base */ = {isa = PBXFileReference; lastKnownFileType = file.storyboard; name = Base; path = Base.lproj/Main.storyboard; sourceTree = "<group>"; };
		1698031424AD177E000377B2 /* Assets.xcassets */ = {isa = PBXFileReference; lastKnownFileType = folder.assetcatalog; path = Assets.xcassets; sourceTree = "<group>"; };
		1698031724AD177E000377B2 /* Base */ = {isa = PBXFileReference; lastKnownFileType = file.storyboard; name = Base; path = Base.lproj/LaunchScreen.storyboard; sourceTree = "<group>"; };
		1698031924AD177E000377B2 /* Info.plist */ = {isa = PBXFileReference; lastKnownFileType = text.plist.xml; path = Info.plist; sourceTree = "<group>"; };
		169F1AFB251789D8009C709D /* GoogleService-Info.plist */ = {isa = PBXFileReference; fileEncoding = 4; lastKnownFileType = text.plist.xml; path = "GoogleService-Info.plist"; sourceTree = "<group>"; };
		169F1AFD2517D3B7009C709D /* FirebaseFriends.swift */ = {isa = PBXFileReference; lastKnownFileType = sourcecode.swift; path = FirebaseFriends.swift; sourceTree = "<group>"; };
		169F1AFF2517DA31009C709D /* Config.swift */ = {isa = PBXFileReference; lastKnownFileType = sourcecode.swift; path = Config.swift; sourceTree = "<group>"; };
		16C0446024ED876900C9118E /* GroupsJSON.swift */ = {isa = PBXFileReference; lastKnownFileType = sourcecode.swift; path = GroupsJSON.swift; sourceTree = "<group>"; };
		16C0446224ED947000C9118E /* FriendsJSON.swift */ = {isa = PBXFileReference; lastKnownFileType = sourcecode.swift; path = FriendsJSON.swift; sourceTree = "<group>"; };
		16C9798824E3231B00A06B72 /* ProfileViewController.swift */ = {isa = PBXFileReference; lastKnownFileType = sourcecode.swift; path = ProfileViewController.swift; sourceTree = "<group>"; };
		16C9798A24E323C300A06B72 /* Account.swift */ = {isa = PBXFileReference; lastKnownFileType = sourcecode.swift; path = Account.swift; sourceTree = "<group>"; };
		16E47CF024E9A11D004CDB6A /* WebKit.framework */ = {isa = PBXFileReference; lastKnownFileType = wrapper.framework; name = WebKit.framework; path = System/Library/Frameworks/WebKit.framework; sourceTree = SDKROOT; };
		16E9A1E724FC37D5004E021D /* RealmSwift.framework */ = {isa = PBXFileReference; explicitFileType = wrapper.framework; path = RealmSwift.framework; sourceTree = BUILT_PRODUCTS_DIR; };
		2620509B4D533CA9E3C6BECA /* Pods_OpenWeather.framework */ = {isa = PBXFileReference; explicitFileType = wrapper.framework; includeInIndex = 0; path = Pods_OpenWeather.framework; sourceTree = BUILT_PRODUCTS_DIR; };
		6F7FEA870F075B9F591FD6B7 /* Pods-OpenWeather.release.xcconfig */ = {isa = PBXFileReference; includeInIndex = 1; lastKnownFileType = text.xcconfig; name = "Pods-OpenWeather.release.xcconfig"; path = "Target Support Files/Pods-OpenWeather/Pods-OpenWeather.release.xcconfig"; sourceTree = "<group>"; };
		FEBB40715390F8CDBA10B9BD /* Pods-OpenWeather.debug.xcconfig */ = {isa = PBXFileReference; includeInIndex = 1; lastKnownFileType = text.xcconfig; name = "Pods-OpenWeather.debug.xcconfig"; path = "Target Support Files/Pods-OpenWeather/Pods-OpenWeather.debug.xcconfig"; sourceTree = "<group>"; };
/* End PBXFileReference section */

/* Begin PBXFrameworksBuildPhase section */
		1698030524AD177C000377B2 /* Frameworks */ = {
			isa = PBXFrameworksBuildPhase;
			buildActionMask = 2147483647;
			files = (
				16E47CF124E9A11D004CDB6A /* WebKit.framework in Frameworks */,
				1E4EFAE152627F035049B45B /* Pods_OpenWeather.framework in Frameworks */,
			);
			runOnlyForDeploymentPostprocessing = 0;
		};
/* End PBXFrameworksBuildPhase section */

/* Begin PBXGroup section */
		1680AAB324D3FA7B000EF8ED /* MyGroups */ = {
			isa = PBXGroup;
			children = (
				1680AABE24D8037B000EF8ED /* MyGroupsController.swift */,
				1680AAC024D80395000EF8ED /* MyGroupsCell.swift */,
				1680AAC224DAA858000EF8ED /* MyGroupCardViewController.swift */,
			);
			path = MyGroups;
			sourceTree = "<group>";
		};
		1680AABA24D4191E000EF8ED /* Groups */ = {
			isa = PBXGroup;
			children = (
				160A2D0024BD8F1100B937BC /* GroupViewController.swift */,
				16C0446024ED876900C9118E /* GroupsJSON.swift */,
				160A2D0224BD92CA00B937BC /* Groups.swift */,
				1680AAB124D18C3D000EF8ED /* groupCardCellProfile.swift */,
				1680AAAA24D17312000EF8ED /* GroupCardViewController.swift */,
				1680AAAF24D18AD8000EF8ED /* GroupCardCellCollectionView.swift */,
			);
			path = Groups;
			sourceTree = "<group>";
		};
		1680AABB24D41930000EF8ED /* Frends */ = {
			isa = PBXGroup;
			children = (
				160A2CFC24BCEBC300B937BC /* FrendsViewController.swift */,
				160A2D0424BD9A8E00B937BC /* frendCardViewController.swift */,
				160A2CFE24BCF05D00B937BC /* Frends.swift */,
				16104B2E24C7044A003EF2BB /* frendCardProfile.swift */,
				16C0446224ED947000C9118E /* FriendsJSON.swift */,
				169F1AFD2517D3B7009C709D /* FirebaseFriends.swift */,
			);
			path = Frends;
			sourceTree = "<group>";
		};
		1680AAC624DB1370000EF8ED /* News */ = {
			isa = PBXGroup;
			children = (
				1680AACB24DB16C9000EF8ED /* NewsViewController.swift */,
				1680AAC724DB13C3000EF8ED /* News.swift */,
				1680AAC924DB1474000EF8ED /* NewsCell.swift */,
			);
			path = News;
			sourceTree = "<group>";
		};
		169802FF24AD177C000377B2 = {
			isa = PBXGroup;
			children = (
				1698030A24AD177C000377B2 /* OpenWeather */,
				1698030924AD177C000377B2 /* Products */,
				225E5C5D927A9257112E4B55 /* Pods */,
				F703EA83DA41AA0DA330A467 /* Frameworks */,
			);
			sourceTree = "<group>";
		};
		1698030924AD177C000377B2 /* Products */ = {
			isa = PBXGroup;
			children = (
				1698030824AD177C000377B2 /* OpenWeather.app */,
			);
			name = Products;
			sourceTree = "<group>";
		};
		1698030A24AD177C000377B2 /* OpenWeather */ = {
			isa = PBXGroup;
			children = (
				169F1B012517DA98009C709D /* Managers */,
				1698030B24AD177C000377B2 /* AppDelegate.swift */,
				1698030D24AD177C000377B2 /* SceneDelegate.swift */,
				1698030F24AD177C000377B2 /* LoginViewController.swift */,
				1680AABB24D41930000EF8ED /* Frends */,
				1698031124AD177C000377B2 /* Main.storyboard */,
				16C9798724E3220E00A06B72 /* Profile */,
				1680AAC624DB1370000EF8ED /* News */,
				1680AABA24D4191E000EF8ED /* Groups */,
				1680AAB324D3FA7B000EF8ED /* MyGroups */,
				16ABCCB024E923BD00BBBEE7 /* Network */,
				1698031424AD177E000377B2 /* Assets.xcassets */,
				169F1AFB251789D8009C709D /* GoogleService-Info.plist */,
				1698031624AD177E000377B2 /* LaunchScreen.storyboard */,
				1698031924AD177E000377B2 /* Info.plist */,
			);
			path = OpenWeather;
			sourceTree = "<group>";
		};
		169F1B012517DA98009C709D /* Managers */ = {
			isa = PBXGroup;
			children = (
				16584D7525029E350082CE0A /* RealmManager.swift */,
				168B4C1C24E9462E00F4F9B2 /* NetworkManager.swift */,
				169F1AFF2517DA31009C709D /* Config.swift */,
			);
			path = Managers;
			sourceTree = "<group>";
		};
		16ABCCB024E923BD00BBBEE7 /* Network */ = {
			isa = PBXGroup;
			children = (
				168FBA6A24F8E2AB002577B2 /* PhotoJSON.swift */,
				1667210824E3F82100129333 /* Session.swift */,
			);
			name = Network;
			path = ..;
			sourceTree = "<group>";
		};
		16C9798724E3220E00A06B72 /* Profile */ = {
			isa = PBXGroup;
			children = (
				16C9798824E3231B00A06B72 /* ProfileViewController.swift */,
				16C9798A24E323C300A06B72 /* Account.swift */,
			);
			path = Profile;
			sourceTree = "<group>";
		};
		225E5C5D927A9257112E4B55 /* Pods */ = {
			isa = PBXGroup;
			children = (
				FEBB40715390F8CDBA10B9BD /* Pods-OpenWeather.debug.xcconfig */,
				6F7FEA870F075B9F591FD6B7 /* Pods-OpenWeather.release.xcconfig */,
			);
			path = Pods;
			sourceTree = "<group>";
		};
		F703EA83DA41AA0DA330A467 /* Frameworks */ = {
			isa = PBXGroup;
			children = (
				16646537250A2E410014DB15 /* SDWebImage.framework */,
				16E9A1E724FC37D5004E021D /* RealmSwift.framework */,
				164FE49124FC33A900CFD511 /* RealmSwift.framework */,
				16E47CF024E9A11D004CDB6A /* WebKit.framework */,
				2620509B4D533CA9E3C6BECA /* Pods_OpenWeather.framework */,
			);
			name = Frameworks;
			sourceTree = "<group>";
		};
/* End PBXGroup section */

/* Begin PBXNativeTarget section */
		1698030724AD177C000377B2 /* OpenWeather */ = {
			isa = PBXNativeTarget;
			buildConfigurationList = 1698031C24AD177E000377B2 /* Build configuration list for PBXNativeTarget "OpenWeather" */;
			buildPhases = (
				EAAE7DCD417B9593EB3ED7E0 /* [CP] Check Pods Manifest.lock */,
				1698030424AD177C000377B2 /* Sources */,
				1698030524AD177C000377B2 /* Frameworks */,
				1698030624AD177C000377B2 /* Resources */,
				C336C7057960B7C1E4209A84 /* [CP] Embed Pods Frameworks */,
			);
			buildRules = (
			);
			dependencies = (
			);
			name = OpenWeather;
			productName = OpenWeather;
			productReference = 1698030824AD177C000377B2 /* OpenWeather.app */;
			productType = "com.apple.product-type.application";
		};
/* End PBXNativeTarget section */

/* Begin PBXProject section */
		1698030024AD177C000377B2 /* Project object */ = {
			isa = PBXProject;
			attributes = {
				LastSwiftUpdateCheck = 1150;
				LastUpgradeCheck = 1150;
				ORGANIZATIONNAME = "Andrey Shchekatunov";
				TargetAttributes = {
					1698030724AD177C000377B2 = {
						CreatedOnToolsVersion = 11.5;
					};
				};
			};
			buildConfigurationList = 1698030324AD177C000377B2 /* Build configuration list for PBXProject "OpenWeather" */;
			compatibilityVersion = "Xcode 9.3";
			developmentRegion = en;
			hasScannedForEncodings = 0;
			knownRegions = (
				en,
				Base,
			);
			mainGroup = 169802FF24AD177C000377B2;
			productRefGroup = 1698030924AD177C000377B2 /* Products */;
			projectDirPath = "";
			projectRoot = "";
			targets = (
				1698030724AD177C000377B2 /* OpenWeather */,
			);
		};
/* End PBXProject section */

/* Begin PBXResourcesBuildPhase section */
		1698030624AD177C000377B2 /* Resources */ = {
			isa = PBXResourcesBuildPhase;
			buildActionMask = 2147483647;
			files = (
				1698031824AD177E000377B2 /* LaunchScreen.storyboard in Resources */,
				169F1AFC251789D8009C709D /* GoogleService-Info.plist in Resources */,
				1698031524AD177E000377B2 /* Assets.xcassets in Resources */,
				1698031324AD177C000377B2 /* Main.storyboard in Resources */,
			);
			runOnlyForDeploymentPostprocessing = 0;
		};
/* End PBXResourcesBuildPhase section */

/* Begin PBXShellScriptBuildPhase section */
		C336C7057960B7C1E4209A84 /* [CP] Embed Pods Frameworks */ = {
			isa = PBXShellScriptBuildPhase;
			buildActionMask = 2147483647;
			files = (
			);
			inputFileListPaths = (
				"${PODS_ROOT}/Target Support Files/Pods-OpenWeather/Pods-OpenWeather-frameworks-${CONFIGURATION}-input-files.xcfilelist",
			);
			name = "[CP] Embed Pods Frameworks";
			outputFileListPaths = (
				"${PODS_ROOT}/Target Support Files/Pods-OpenWeather/Pods-OpenWeather-frameworks-${CONFIGURATION}-output-files.xcfilelist",
			);
			runOnlyForDeploymentPostprocessing = 0;
			shellPath = /bin/sh;
			shellScript = "\"${PODS_ROOT}/Target Support Files/Pods-OpenWeather/Pods-OpenWeather-frameworks.sh\"\n";
			showEnvVarsInLog = 0;
		};
		EAAE7DCD417B9593EB3ED7E0 /* [CP] Check Pods Manifest.lock */ = {
			isa = PBXShellScriptBuildPhase;
			buildActionMask = 2147483647;
			files = (
			);
			inputFileListPaths = (
			);
			inputPaths = (
				"${PODS_PODFILE_DIR_PATH}/Podfile.lock",
				"${PODS_ROOT}/Manifest.lock",
			);
			name = "[CP] Check Pods Manifest.lock";
			outputFileListPaths = (
			);
			outputPaths = (
				"$(DERIVED_FILE_DIR)/Pods-OpenWeather-checkManifestLockResult.txt",
			);
			runOnlyForDeploymentPostprocessing = 0;
			shellPath = /bin/sh;
			shellScript = "diff \"${PODS_PODFILE_DIR_PATH}/Podfile.lock\" \"${PODS_ROOT}/Manifest.lock\" > /dev/null\nif [ $? != 0 ] ; then\n    # print error to STDERR\n    echo \"error: The sandbox is not in sync with the Podfile.lock. Run 'pod install' or update your CocoaPods installation.\" >&2\n    exit 1\nfi\n# This output is used by Xcode 'outputs' to avoid re-running this script phase.\necho \"SUCCESS\" > \"${SCRIPT_OUTPUT_FILE_0}\"\n";
			showEnvVarsInLog = 0;
		};
/* End PBXShellScriptBuildPhase section */

/* Begin PBXSourcesBuildPhase section */
		1698030424AD177C000377B2 /* Sources */ = {
			isa = PBXSourcesBuildPhase;
			buildActionMask = 2147483647;
			files = (
				168B4C1D24E9462E00F4F9B2 /* NetworkManager.swift in Sources */,
				160A2D0524BD9A8E00B937BC /* frendCardViewController.swift in Sources */,
				160A2D0124BD8F1100B937BC /* GroupViewController.swift in Sources */,
				1680AAC124D80395000EF8ED /* MyGroupsCell.swift in Sources */,
				169F1AFE2517D3B7009C709D /* FirebaseFriends.swift in Sources */,
				1698031024AD177C000377B2 /* LoginViewController.swift in Sources */,
				1698030C24AD177C000377B2 /* AppDelegate.swift in Sources */,
				16C9798B24E323C300A06B72 /* Account.swift in Sources */,
				160A2CFF24BCF05D00B937BC /* Frends.swift in Sources */,
				16C0446324ED947000C9118E /* FriendsJSON.swift in Sources */,
				1680AAC324DAA858000EF8ED /* MyGroupCardViewController.swift in Sources */,
				1680AACC24DB16C9000EF8ED /* NewsViewController.swift in Sources */,
				1680AABF24D8037B000EF8ED /* MyGroupsController.swift in Sources */,
				16C9798924E3231B00A06B72 /* ProfileViewController.swift in Sources */,
				16584D7625029E350082CE0A /* RealmManager.swift in Sources */,
				1680AAB224D18C3D000EF8ED /* groupCardCellProfile.swift in Sources */,
				1680AACA24DB1474000EF8ED /* NewsCell.swift in Sources */,
				169F1B002517DA31009C709D /* Config.swift in Sources */,
				1680AAB024D18AD8000EF8ED /* GroupCardCellCollectionView.swift in Sources */,
				1667210924E3F82100129333 /* Session.swift in Sources */,
				1680AAC824DB13C3000EF8ED /* News.swift in Sources */,
				168FBA6B24F8E2AB002577B2 /* PhotoJSON.swift in Sources */,
				16104B2F24C7044A003EF2BB /* frendCardProfile.swift in Sources */,
				1698030E24AD177C000377B2 /* SceneDelegate.swift in Sources */,
				16C0446124ED876900C9118E /* GroupsJSON.swift in Sources */,
				160A2CFD24BCEBC300B937BC /* FrendsViewController.swift in Sources */,
				1680AAAB24D17312000EF8ED /* GroupCardViewController.swift in Sources */,
				160A2D0324BD92CA00B937BC /* Groups.swift in Sources */,
			);
			runOnlyForDeploymentPostprocessing = 0;
		};
/* End PBXSourcesBuildPhase section */

/* Begin PBXVariantGroup section */
		1698031124AD177C000377B2 /* Main.storyboard */ = {
			isa = PBXVariantGroup;
			children = (
				1698031224AD177C000377B2 /* Base */,
			);
			name = Main.storyboard;
			sourceTree = "<group>";
		};
		1698031624AD177E000377B2 /* LaunchScreen.storyboard */ = {
			isa = PBXVariantGroup;
			children = (
				1698031724AD177E000377B2 /* Base */,
			);
			name = LaunchScreen.storyboard;
			sourceTree = "<group>";
		};
/* End PBXVariantGroup section */

/* Begin XCBuildConfiguration section */
		1698031A24AD177E000377B2 /* Debug */ = {
			isa = XCBuildConfiguration;
			buildSettings = {
				ALWAYS_SEARCH_USER_PATHS = NO;
				CLANG_ANALYZER_NONNULL = YES;
				CLANG_ANALYZER_NUMBER_OBJECT_CONVERSION = YES_AGGRESSIVE;
				CLANG_CXX_LANGUAGE_STANDARD = "gnu++14";
				CLANG_CXX_LIBRARY = "libc++";
				CLANG_ENABLE_MODULES = YES;
				CLANG_ENABLE_OBJC_ARC = YES;
				CLANG_ENABLE_OBJC_WEAK = YES;
				CLANG_WARN_BLOCK_CAPTURE_AUTORELEASING = YES;
				CLANG_WARN_BOOL_CONVERSION = YES;
				CLANG_WARN_COMMA = YES;
				CLANG_WARN_CONSTANT_CONVERSION = YES;
				CLANG_WARN_DEPRECATED_OBJC_IMPLEMENTATIONS = YES;
				CLANG_WARN_DIRECT_OBJC_ISA_USAGE = YES_ERROR;
				CLANG_WARN_DOCUMENTATION_COMMENTS = YES;
				CLANG_WARN_EMPTY_BODY = YES;
				CLANG_WARN_ENUM_CONVERSION = YES;
				CLANG_WARN_INFINITE_RECURSION = YES;
				CLANG_WARN_INT_CONVERSION = YES;
				CLANG_WARN_NON_LITERAL_NULL_CONVERSION = YES;
				CLANG_WARN_OBJC_IMPLICIT_RETAIN_SELF = YES;
				CLANG_WARN_OBJC_LITERAL_CONVERSION = YES;
				CLANG_WARN_OBJC_ROOT_CLASS = YES_ERROR;
				CLANG_WARN_RANGE_LOOP_ANALYSIS = YES;
				CLANG_WARN_STRICT_PROTOTYPES = YES;
				CLANG_WARN_SUSPICIOUS_MOVE = YES;
				CLANG_WARN_UNGUARDED_AVAILABILITY = YES_AGGRESSIVE;
				CLANG_WARN_UNREACHABLE_CODE = YES;
				CLANG_WARN__DUPLICATE_METHOD_MATCH = YES;
				COPY_PHASE_STRIP = NO;
				DEBUG_INFORMATION_FORMAT = dwarf;
				ENABLE_STRICT_OBJC_MSGSEND = YES;
				ENABLE_TESTABILITY = YES;
				GCC_C_LANGUAGE_STANDARD = gnu11;
				GCC_DYNAMIC_NO_PIC = NO;
				GCC_NO_COMMON_BLOCKS = YES;
				GCC_OPTIMIZATION_LEVEL = 0;
				GCC_PREPROCESSOR_DEFINITIONS = (
					"DEBUG=1",
					"$(inherited)",
				);
				GCC_WARN_64_TO_32_BIT_CONVERSION = YES;
				GCC_WARN_ABOUT_RETURN_TYPE = YES_ERROR;
				GCC_WARN_UNDECLARED_SELECTOR = YES;
				GCC_WARN_UNINITIALIZED_AUTOS = YES_AGGRESSIVE;
				GCC_WARN_UNUSED_FUNCTION = YES;
				GCC_WARN_UNUSED_VARIABLE = YES;
				IPHONEOS_DEPLOYMENT_TARGET = 13.5;
				MTL_ENABLE_DEBUG_INFO = INCLUDE_SOURCE;
				MTL_FAST_MATH = YES;
				ONLY_ACTIVE_ARCH = YES;
				SDKROOT = iphoneos;
				SWIFT_ACTIVE_COMPILATION_CONDITIONS = DEBUG;
				SWIFT_OPTIMIZATION_LEVEL = "-Onone";
			};
			name = Debug;
		};
		1698031B24AD177E000377B2 /* Release */ = {
			isa = XCBuildConfiguration;
			buildSettings = {
				ALWAYS_SEARCH_USER_PATHS = NO;
				CLANG_ANALYZER_NONNULL = YES;
				CLANG_ANALYZER_NUMBER_OBJECT_CONVERSION = YES_AGGRESSIVE;
				CLANG_CXX_LANGUAGE_STANDARD = "gnu++14";
				CLANG_CXX_LIBRARY = "libc++";
				CLANG_ENABLE_MODULES = YES;
				CLANG_ENABLE_OBJC_ARC = YES;
				CLANG_ENABLE_OBJC_WEAK = YES;
				CLANG_WARN_BLOCK_CAPTURE_AUTORELEASING = YES;
				CLANG_WARN_BOOL_CONVERSION = YES;
				CLANG_WARN_COMMA = YES;
				CLANG_WARN_CONSTANT_CONVERSION = YES;
				CLANG_WARN_DEPRECATED_OBJC_IMPLEMENTATIONS = YES;
				CLANG_WARN_DIRECT_OBJC_ISA_USAGE = YES_ERROR;
				CLANG_WARN_DOCUMENTATION_COMMENTS = YES;
				CLANG_WARN_EMPTY_BODY = YES;
				CLANG_WARN_ENUM_CONVERSION = YES;
				CLANG_WARN_INFINITE_RECURSION = YES;
				CLANG_WARN_INT_CONVERSION = YES;
				CLANG_WARN_NON_LITERAL_NULL_CONVERSION = YES;
				CLANG_WARN_OBJC_IMPLICIT_RETAIN_SELF = YES;
				CLANG_WARN_OBJC_LITERAL_CONVERSION = YES;
				CLANG_WARN_OBJC_ROOT_CLASS = YES_ERROR;
				CLANG_WARN_RANGE_LOOP_ANALYSIS = YES;
				CLANG_WARN_STRICT_PROTOTYPES = YES;
				CLANG_WARN_SUSPICIOUS_MOVE = YES;
				CLANG_WARN_UNGUARDED_AVAILABILITY = YES_AGGRESSIVE;
				CLANG_WARN_UNREACHABLE_CODE = YES;
				CLANG_WARN__DUPLICATE_METHOD_MATCH = YES;
				COPY_PHASE_STRIP = NO;
				DEBUG_INFORMATION_FORMAT = "dwarf-with-dsym";
				ENABLE_NS_ASSERTIONS = NO;
				ENABLE_STRICT_OBJC_MSGSEND = YES;
				GCC_C_LANGUAGE_STANDARD = gnu11;
				GCC_NO_COMMON_BLOCKS = YES;
				GCC_WARN_64_TO_32_BIT_CONVERSION = YES;
				GCC_WARN_ABOUT_RETURN_TYPE = YES_ERROR;
				GCC_WARN_UNDECLARED_SELECTOR = YES;
				GCC_WARN_UNINITIALIZED_AUTOS = YES_AGGRESSIVE;
				GCC_WARN_UNUSED_FUNCTION = YES;
				GCC_WARN_UNUSED_VARIABLE = YES;
				IPHONEOS_DEPLOYMENT_TARGET = 13.5;
				MTL_ENABLE_DEBUG_INFO = NO;
				MTL_FAST_MATH = YES;
				SDKROOT = iphoneos;
				SWIFT_COMPILATION_MODE = wholemodule;
				SWIFT_OPTIMIZATION_LEVEL = "-O";
				VALIDATE_PRODUCT = YES;
			};
			name = Release;
		};
		1698031D24AD177E000377B2 /* Debug */ = {
			isa = XCBuildConfiguration;
			baseConfigurationReference = FEBB40715390F8CDBA10B9BD /* Pods-OpenWeather.debug.xcconfig */;
			buildSettings = {
				ASSETCATALOG_COMPILER_APPICON_NAME = AppIcon;
				CODE_SIGN_STYLE = Automatic;
				INFOPLIST_FILE = OpenWeather/Info.plist;
				LD_RUNPATH_SEARCH_PATHS = (
					"$(inherited)",
					"@executable_path/Frameworks",
				);
				PRODUCT_BUNDLE_IDENTIFIER = AndNasPlay.OpenWeather;
				PRODUCT_NAME = "$(TARGET_NAME)";
				SWIFT_VERSION = 5.0;
				TARGETED_DEVICE_FAMILY = "1,2";
			};
			name = Debug;
		};
		1698031E24AD177E000377B2 /* Release */ = {
			isa = XCBuildConfiguration;
			baseConfigurationReference = 6F7FEA870F075B9F591FD6B7 /* Pods-OpenWeather.release.xcconfig */;
			buildSettings = {
				ASSETCATALOG_COMPILER_APPICON_NAME = AppIcon;
				CODE_SIGN_STYLE = Automatic;
				INFOPLIST_FILE = OpenWeather/Info.plist;
				LD_RUNPATH_SEARCH_PATHS = (
					"$(inherited)",
					"@executable_path/Frameworks",
				);
				PRODUCT_BUNDLE_IDENTIFIER = AndNasPlay.OpenWeather;
				PRODUCT_NAME = "$(TARGET_NAME)";
				SWIFT_VERSION = 5.0;
				TARGETED_DEVICE_FAMILY = "1,2";
			};
			name = Release;
		};
/* End XCBuildConfiguration section */

/* Begin XCConfigurationList section */
		1698030324AD177C000377B2 /* Build configuration list for PBXProject "OpenWeather" */ = {
			isa = XCConfigurationList;
			buildConfigurations = (
				1698031A24AD177E000377B2 /* Debug */,
				1698031B24AD177E000377B2 /* Release */,
			);
			defaultConfigurationIsVisible = 0;
			defaultConfigurationName = Release;
		};
		1698031C24AD177E000377B2 /* Build configuration list for PBXNativeTarget "OpenWeather" */ = {
			isa = XCConfigurationList;
			buildConfigurations = (
				1698031D24AD177E000377B2 /* Debug */,
				1698031E24AD177E000377B2 /* Release */,
			);
			defaultConfigurationIsVisible = 0;
			defaultConfigurationName = Release;
		};
/* End XCConfigurationList section */
	};
	rootObject = 1698030024AD177C000377B2 /* Project object */;
}
